{
  "name": "moon-example",
  "version": "0.0.0",
  "lockfileVersion": 3,
  "requires": true,
  "packages": {
    "": {
      "name": "moon-example",
      "version": "0.0.0",
      "license": "MIT",
      "devDependencies": {
        "@moonrepo/cli": "^1.31.2"
      }
    },
    "node_modules/@moonrepo/cli": {
      "version": "1.31.2",
      "resolved": "https://registry.npmjs.org/@moonrepo/cli/-/cli-1.31.2.tgz",
      "integrity": "sha512-OtQrDNNjmk8zNiWgl/qA+iSSXnkYol4XBNN1FAzV/xIr+hUlnaHJRej2FbBwEXneZsqsEGgbq0rDQs6NiZDTbA==",
      "dev": true,
      "hasInstallScript": true,
      "dependencies": {
        "detect-libc": "^2.0.3"
      },
      "bin": {
        "moon": "moon.js"
      },
      "optionalDependencies": {
        "@moonrepo/core-linux-arm64-gnu": "1.31.2",
        "@moonrepo/core-linux-arm64-musl": "1.31.2",
        "@moonrepo/core-linux-x64-gnu": "1.31.2",
        "@moonrepo/core-linux-x64-musl": "1.31.2",
        "@moonrepo/core-macos-arm64": "1.31.2",
        "@moonrepo/core-macos-x64": "1.31.2",
        "@moonrepo/core-windows-x64-msvc": "1.31.2"
      }
    },
    "node_modules/@moonrepo/core-linux-arm64-gnu": {
      "version": "1.31.2",
      "resolved": "https://registry.npmjs.org/@moonrepo/core-linux-arm64-gnu/-/core-linux-arm64-gnu-1.31.2.tgz",
      "integrity": "sha512-EOy+rsl+/4KM67BCJgJgSxjfIJFFTQ/QSFWn3AcrBwa75RhabLR40RJMLG2ReK5aHyjtGtqTFK2aLpuSUNM9kA==",
      "cpu": [
        "arm64"
      ],
      "dev": true,
      "optional": true,
      "os": [
        "linux"
      ]
    },
    "node_modules/@moonrepo/core-linux-arm64-musl": {
      "version": "1.31.2",
      "resolved": "https://registry.npmjs.org/@moonrepo/core-linux-arm64-musl/-/core-linux-arm64-musl-1.31.2.tgz",
      "integrity": "sha512-ZT0wvTr4Rh5Mke8nkh776TtdLBCCygbitDpOqWG7HbsBlZhJeXvmNsy9rJ0V/rOzhF4kzxyvmn86fyxrFMrceQ==",
      "cpu": [
        "arm64"
      ],
      "dev": true,
      "optional": true,
      "os": [
        "linux"
      ]
    },
    "node_modules/@moonrepo/core-linux-x64-gnu": {
      "version": "1.31.2",
      "resolved": "https://registry.npmjs.org/@moonrepo/core-linux-x64-gnu/-/core-linux-x64-gnu-1.31.2.tgz",
      "integrity": "sha512-W+jSjeWIsDj7Wts0GFgzSmnG7H9z2QMKtNj5QXhW7lcg6w8zyerajkUh/BN9yjjn4fNCYcS0J9whObFMZ+GH6w==",
      "cpu": [
        "x64"
      ],
      "dev": true,
      "optional": true,
      "os": [
        "linux"
      ]
    },
    "node_modules/@moonrepo/core-linux-x64-musl": {
      "version": "1.31.2",
      "resolved": "https://registry.npmjs.org/@moonrepo/core-linux-x64-musl/-/core-linux-x64-musl-1.31.2.tgz",
      "integrity": "sha512-gE+SkWQr96N3p3gTxwD3n7TbKogE3uu+Xy8s9Hc+ZaDo05pMi/ZC9lU3A3Z9MzjFwloju/T78JgXe5WdMk5XNw==",
      "cpu": [
        "x64"
      ],
      "dev": true,
      "optional": true,
      "os": [
        "linux"
      ]
    },
    "node_modules/@moonrepo/core-macos-arm64": {
      "version": "1.31.2",
      "resolved": "https://registry.npmjs.org/@moonrepo/core-macos-arm64/-/core-macos-arm64-1.31.2.tgz",
      "integrity": "sha512-vpCpJ+leybF67Hlx1Au8wJBPCNORlmOIAvytHwrqSQWMRWEkLhYREPkdj4DSbr+IHOLN9EUzbBWEbTYPGps8dQ==",
      "cpu": [
        "arm64"
      ],
      "dev": true,
      "optional": true,
      "os": [
        "darwin"
      ]
    },
    "node_modules/@moonrepo/core-macos-x64": {
      "version": "1.31.2",
      "resolved": "https://registry.npmjs.org/@moonrepo/core-macos-x64/-/core-macos-x64-1.31.2.tgz",
      "integrity": "sha512-+peBYkkafWe2EMlsC8Komt/0Uuw2iserjSbtdXI3MNJmR4RGyOirNF4RDBsvSszmF38tXreBRRj31LNMXRbWxg==",
      "cpu": [
        "x64"
      ],
      "dev": true,
      "optional": true,
      "os": [
        "darwin"
      ]
    },
    "node_modules/@moonrepo/core-windows-x64-msvc": {
      "version": "1.31.2",
      "resolved": "https://registry.npmjs.org/@moonrepo/core-windows-x64-msvc/-/core-windows-x64-msvc-1.31.2.tgz",
      "integrity": "sha512-9kMSSpcbvqgEyICsNW3QCadYRCdnPhtAqbMmsZ91GfzOd7SAj9YlwIREIV6HTD5kqBmBbLQ+CrRgXoPoc+1miQ==",
      "cpu": [
        "x64"
      ],
      "dev": true,
      "optional": true,
      "os": [
        "win32"
      ]
    },
    "node_modules/detect-libc": {
      "version": "2.0.3",
      "resolved": "https://registry.npmjs.org/detect-libc/-/detect-libc-2.0.3.tgz",
      "integrity": "sha512-bwy0MGW55bG41VqxxypOsdSdGqLwXPI/focwgTYCFMbdUiBAxLg9CFzG08sz2aqzknwiX7Hkl0bQENjg8iLByw==",
      "dev": true,
      "engines": {
        "node": ">=8"
      }
    }
  }
}
